annotated-types==0.8.0
ast_serialize==0.11.2
black==26.5.1
click==8.5.0
cloudpickle==3.1.2
iniconfig==2.3.0
joblib==1.6.0
librt==0.15.0
mypy==2.3.1
mypy_extensions==1.1.0
narwhals==2.26.0
numpy==2.4.6
packaging==26.3
pandas==3.0.6
pandas-stubs==3.0.5.260914
pathspec==1.1.1
platformdirs==4.11.12
pluggy==1.6.0
pydantic==2.13.5
pydantic_core==2.46.5
Pygments==2.21.0
pytest==9.1.1
python-dateutil==2.9.0.post0
pytokens==0.4.1
ruff==0.16.8
scikit-learn==1.9.1
scipy==1.17.1
six==1.17.0
threadpoolctl==3.7.0
typing-inspection==0.4.4
typing_extensions==4.16.0
xgboost==3.2.0
